// !$*UTF8*$!
{
	archiveVersion = 1;
	classes = {
	};
	objectVersion = 56;
	objects = {

/* Begin PBXBuildFile section */
		811728992C1136030030B6C8 /* ReadWellApp.swift in Sources */ = {isa = PBXBuildFile; fileRef = 811728982C1136030030B6C8 /* ReadWellApp.swift */; };
		8117289D2C1136050030B6C8 /* Assets.xcassets in Resources */ = {isa = PBXBuildFile; fileRef = 8117289C2C1136050030B6C8 /* Assets.xcassets */; };
		811728A02C1136050030B6C8 /* Preview Assets.xcassets in Resources */ = {isa = PBXBuildFile; fileRef = 8117289F2C1136050030B6C8 /* Preview Assets.xcassets */; };
		811728AA2C1137D80030B6C8 /* SplashScreenView.swift in Sources */ = {isa = PBXBuildFile; fileRef = 811728A92C1137D80030B6C8 /* SplashScreenView.swift */; };
		811728AC2C113B700030B6C8 /* LandingView.swift in Sources */ = {isa = PBXBuildFile; fileRef = 811728AB2C113B700030B6C8 /* LandingView.swift */; };
		811728AE2C113BAD0030B6C8 /* OpeningView.swift in Sources */ = {isa = PBXBuildFile; fileRef = 811728AD2C113BAD0030B6C8 /* OpeningView.swift */; };
		811728B02C113F220030B6C8 /* ReviewsListView.swift in Sources */ = {isa = PBXBuildFile; fileRef = 811728AF2C113F220030B6C8 /* ReviewsListView.swift */; };
		811728B22C113F480030B6C8 /* StatisticsView.swift in Sources */ = {isa = PBXBuildFile; fileRef = 811728B12C113F480030B6C8 /* StatisticsView.swift */; };
		8117CB532C12440A001C9C84 /* SwiftUIIntrospect-Dynamic in Frameworks */ = {isa = PBXBuildFile; productRef = 8117CB522C12440A001C9C84 /* SwiftUIIntrospect-Dynamic */; };
		8117CB552C1245F8001C9C84 /* AddReviewView.swift in Sources */ = {isa = PBXBuildFile; fileRef = 8117CB542C1245F8001C9C84 /* AddReviewView.swift */; };
		816F87842C128F1D0061C5C2 /* Review.swift in Sources */ = {isa = PBXBuildFile; fileRef = 816F87832C128F1D0061C5C2 /* Review.swift */; };
		816F87862C12983D0061C5C2 /* ReviewDetailView.swift in Sources */ = {isa = PBXBuildFile; fileRef = 816F87852C12983D0061C5C2 /* ReviewDetailView.swift */; };
/* End PBXBuildFile section */

/* Begin PBXFileReference section */
		811728952C1136030030B6C8 /* ReadWell.app */ = {isa = PBXFileReference; explicitFileType = wrapper.application; includeInIndex = 0; path = ReadWell.app; sourceTree = BUILT_PRODUCTS_DIR; };
		811728982C1136030030B6C8 /* ReadWellApp.swift */ = {isa = PBXFileReference; lastKnownFileType = sourcecode.swift; path = ReadWellApp.swift; sourceTree = "<group>"; };
		8117289C2C1136050030B6C8 /* Assets.xcassets */ = {isa = PBXFileReference; lastKnownFileType = folder.assetcatalog; path = Assets.xcassets; sourceTree = "<group>"; };
		8117289F2C1136050030B6C8 /* Preview Assets.xcassets */ = {isa = PBXFileReference; lastKnownFileType = folder.assetcatalog; path = "Preview Assets.xcassets"; sourceTree = "<group>"; };
		811728A92C1137D80030B6C8 /* SplashScreenView.swift */ = {isa = PBXFileReference; lastKnownFileType = sourcecode.swift; path = SplashScreenView.swift; sourceTree = "<group>"; };
		811728AB2C113B700030B6C8 /* LandingView.swift */ = {isa = PBXFileReference; lastKnownFileType = sourcecode.swift; path = LandingView.swift; sourceTree = "<group>"; };
		811728AD2C113BAD0030B6C8 /* OpeningView.swift */ = {isa = PBXFileReference; lastKnownFileType = sourcecode.swift; path = OpeningView.swift; sourceTree = "<group>"; };
		811728AF2C113F220030B6C8 /* ReviewsListView.swift */ = {isa = PBXFileReference; lastKnownFileType = sourcecode.swift; path = ReviewsListView.swift; sourceTree = "<group>"; };
		811728B12C113F480030B6C8 /* StatisticsView.swift */ = {isa = PBXFileReference; lastKnownFileType = sourcecode.swift; path = StatisticsView.swift; sourceTree = "<group>"; };
		8117CB542C1245F8001C9C84 /* AddReviewView.swift */ = {isa = PBXFileReference; lastKnownFileType = sourcecode.swift; path = AddReviewView.swift; sourceTree = "<group>"; };
		816F87832C128F1D0061C5C2 /* Review.swift */ = {isa = PBXFileReference; lastKnownFileType = sourcecode.swift; path = Review.swift; sourceTree = "<group>"; };
		816F87852C12983D0061C5C2 /* ReviewDetailView.swift */ = {isa = PBXFileReference; lastKnownFileType = sourcecode.swift; path = ReviewDetailView.swift; sourceTree = "<group>"; };
/* End PBXFileReference section */

/* Begin PBXFrameworksBuildPhase section */
		811728922C1136030030B6C8 /* Frameworks */ = {
			isa = PBXFrameworksBuildPhase;
			buildActionMask = 2147483647;
			files = (
				8117CB532C12440A001C9C84 /* SwiftUIIntrospect-Dynamic in Frameworks */,
			);
			runOnlyForDeploymentPostprocessing = 0;
		};
/* End PBXFrameworksBuildPhase section */

/* Begin PBXGroup section */
		8117288C2C1136030030B6C8 = {
			isa = PBXGroup;
			children = (
				811728972C1136030030B6C8 /* ReadWell */,
				811728962C1136030030B6C8 /* Products */,
			);
			sourceTree = "<group>";
		};
		811728962C1136030030B6C8 /* Products */ = {
			isa = PBXGroup;
			children = (
				811728952C1136030030B6C8 /* ReadWell.app */,
			);
			name = Products;
			sourceTree = "<group>";
		};
		811728972C1136030030B6C8 /* ReadWell */ = {
			isa = PBXGroup;
			children = (
				811728982C1136030030B6C8 /* ReadWellApp.swift */,
				816F87822C128F110061C5C2 /* Model */,
				811728A82C1137B50030B6C8 /* Views */,
				8117289C2C1136050030B6C8 /* Assets.xcassets */,
				8117289E2C1136050030B6C8 /* Preview Content */,
			);
			path = ReadWell;
			sourceTree = "<group>";
		};
		8117289E2C1136050030B6C8 /* Preview Content */ = {
			isa = PBXGroup;
			children = (
				8117289F2C1136050030B6C8 /* Preview Assets.xcassets */,
			);
			path = "Preview Content";
			sourceTree = "<group>";
		};
		811728A82C1137B50030B6C8 /* Views */ = {
			isa = PBXGroup;
			children = (
				811728A92C1137D80030B6C8 /* SplashScreenView.swift */,
				811728AB2C113B700030B6C8 /* LandingView.swift */,
				811728AD2C113BAD0030B6C8 /* OpeningView.swift */,
				811728AF2C113F220030B6C8 /* ReviewsListView.swift */,
				811728B12C113F480030B6C8 /* StatisticsView.swift */,
				8117CB542C1245F8001C9C84 /* AddReviewView.swift */,
				816F87852C12983D0061C5C2 /* ReviewDetailView.swift */,
			);
			path = Views;
			sourceTree = "<group>";
		};
		816F87822C128F110061C5C2 /* Model */ = {
			isa = PBXGroup;
			children = (
				816F87832C128F1D0061C5C2 /* Review.swift */,
			);
			path = Model;
			sourceTree = "<group>";
		};
/* End PBXGroup section */

/* Begin PBXNativeTarget section */
		811728942C1136030030B6C8 /* ReadWell */ = {
			isa = PBXNativeTarget;
			buildConfigurationList = 811728A32C1136050030B6C8 /* Build configuration list for PBXNativeTarget "ReadWell" */;
			buildPhases = (
				811728912C1136030030B6C8 /* Sources */,
				811728922C1136030030B6C8 /* Frameworks */,
				811728932C1136030030B6C8 /* Resources */,
			);
			buildRules = (
			);
			dependencies = (
			);
			name = ReadWell;
			packageProductDependencies = (
				8117CB522C12440A001C9C84 /* SwiftUIIntrospect-Dynamic */,
			);
			productName = ReadWell;
			productReference = 811728952C1136030030B6C8 /* ReadWell.app */;
			productType = "com.apple.product-type.application";
		};
/* End PBXNativeTarget section */

/* Begin PBXProject section */
		8117288D2C1136030030B6C8 /* Project object */ = {
			isa = PBXProject;
			attributes = {
				BuildIndependentTargetsInParallel = 1;
				LastSwiftUpdateCheck = 1540;
				LastUpgradeCheck = 1540;
				TargetAttributes = {
					811728942C1136030030B6C8 = {
						CreatedOnToolsVersion = 15.4;
					};
				};
			};
			buildConfigurationList = 811728902C1136030030B6C8 /* Build configuration list for PBXProject "ReadWell" */;
			compatibilityVersion = "Xcode 14.0";
			developmentRegion = en;
			hasScannedForEncodings = 0;
			knownRegions = (
				en,
				Base,
			);
			mainGroup = 8117288C2C1136030030B6C8;
			packageReferences = (
				8117CB512C124409001C9C84 /* XCRemoteSwiftPackageReference "SwiftUI-Introspect" */,
			);
			productRefGroup = 811728962C1136030030B6C8 /* Products */;
			projectDirPath = "";
			projectRoot = "";
			targets = (
				811728942C1136030030B6C8 /* ReadWell */,
			);
		};
/* End PBXProject section */

/* Begin PBXResourcesBuildPhase section */
		811728932C1136030030B6C8 /* Resources */ = {
			isa = PBXResourcesBuildPhase;
			buildActionMask = 2147483647;
			files = (
				811728A02C1136050030B6C8 /* Preview Assets.xcassets in Resources */,
				8117289D2C1136050030B6C8 /* Assets.xcassets in Resources */,
			);
			runOnlyForDeploymentPostprocessing = 0;
		};
/* End PBXResourcesBuildPhase section */

/* Begin PBXSourcesBuildPhase section */
		811728912C1136030030B6C8 /* Sources */ = {
			isa = PBXSourcesBuildPhase;
			buildActionMask = 2147483647;
			files = (
				811728AC2C113B700030B6C8 /* LandingView.swift in Sources */,
				816F87842C128F1D0061C5C2 /* Review.swift in Sources */,
				811728B22C113F480030B6C8 /* StatisticsView.swift in Sources */,
				811728992C1136030030B6C8 /* ReadWellApp.swift in Sources */,
				811728AA2C1137D80030B6C8 /* SplashScreenView.swift in Sources */,
				8117CB552C1245F8001C9C84 /* AddReviewView.swift in Sources */,
				811728AE2C113BAD0030B6C8 /* OpeningView.swift in Sources */,
				816F87862C12983D0061C5C2 /* ReviewDetailView.swift in Sources */,
				811728B02C113F220030B6C8 /* ReviewsListView.swift in Sources */,
			);
			runOnlyForDeploymentPostprocessing = 0;
		};
/* End PBXSourcesBuildPhase section */

/* Begin XCBuildConfiguration section */
		811728A12C1136050030B6C8 /* Debug */ = {
			isa = XCBuildConfiguration;
			buildSettings = {
				ALWAYS_SEARCH_USER_PATHS = NO;
				ASSETCATALOG_COMPILER_GENERATE_SWIFT_ASSET_SYMBOL_EXTENSIONS = YES;
				CLANG_ANALYZER_NONNULL = YES;
				CLANG_ANALYZER_NUMBER_OBJECT_CONVERSION = YES_AGGRESSIVE;
				CLANG_CXX_LANGUAGE_STANDARD = "gnu++20";
				CLANG_ENABLE_MODULES = YES;
				CLANG_ENABLE_OBJC_ARC = YES;
				CLANG_ENABLE_OBJC_WEAK = YES;
				CLANG_WARN_BLOCK_CAPTURE_AUTORELEASING = YES;
				CLANG_WARN_BOOL_CONVERSION = YES;
				CLANG_WARN_COMMA = YES;
				CLANG_WARN_CONSTANT_CONVERSION = YES;
				CLANG_WARN_DEPRECATED_OBJC_IMPLEMENTATIONS = YES;
				CLANG_WARN_DIRECT_OBJC_ISA_USAGE = YES_ERROR;
				CLANG_WARN_DOCUMENTATION_COMMENTS = YES;
				CLANG_WARN_EMPTY_BODY = YES;
				CLANG_WARN_ENUM_CONVERSION = YES;
				CLANG_WARN_INFINITE_RECURSION = YES;
				CLANG_WARN_INT_CONVERSION = YES;
				CLANG_WARN_NON_LITERAL_NULL_CONVERSION = YES;
				CLANG_WARN_OBJC_IMPLICIT_RETAIN_SELF = YES;
				CLANG_WARN_OBJC_LITERAL_CONVERSION = YES;
				CLANG_WARN_OBJC_ROOT_CLASS = YES_ERROR;
				CLANG_WARN_QUOTED_INCLUDE_IN_FRAMEWORK_HEADER = YES;
				CLANG_WARN_RANGE_LOOP_ANALYSIS = YES;
				CLANG_WARN_STRICT_PROTOTYPES = YES;
				CLANG_WARN_SUSPICIOUS_MOVE = YES;
				CLANG_WARN_UNGUARDED_AVAILABILITY = YES_AGGRESSIVE;
				CLANG_WARN_UNREACHABLE_CODE = YES;
				CLANG_WARN__DUPLICATE_METHOD_MATCH = YES;
				COPY_PHASE_STRIP = NO;
				DEBUG_INFORMATION_FORMAT = dwarf;
				ENABLE_STRICT_OBJC_MSGSEND = YES;
				ENABLE_TESTABILITY = YES;
				ENABLE_USER_SCRIPT_SANDBOXING = YES;
				GCC_C_LANGUAGE_STANDARD = gnu17;
				GCC_DYNAMIC_NO_PIC = NO;
				GCC_NO_COMMON_BLOCKS = YES;
				GCC_OPTIMIZATION_LEVEL = 0;
				GCC_PREPROCESSOR_DEFINITIONS = (
					"DEBUG=1",
					"$(inherited)",
				);
				GCC_WARN_64_TO_32_BIT_CONVERSION = YES;
				GCC_WARN_ABOUT_RETURN_TYPE = YES_ERROR;
				GCC_WARN_UNDECLARED_SELECTOR = YES;
				GCC_WARN_UNINITIALIZED_AUTOS = YES_AGGRESSIVE;
				GCC_WARN_UNUSED_FUNCTION = YES;
				GCC_WARN_UNUSED_VARIABLE = YES;
				IPHONEOS_DEPLOYMENT_TARGET = 17.5;
				LOCALIZATION_PREFERS_STRING_CATALOGS = YES;
				MTL_ENABLE_DEBUG_INFO = INCLUDE_SOURCE;
				MTL_FAST_MATH = YES;
				ONLY_ACTIVE_ARCH = YES;
				SDKROOT = iphoneos;
				SWIFT_ACTIVE_COMPILATION_CONDITIONS = "DEBUG $(inherited)";
				SWIFT_OPTIMIZATION_LEVEL = "-Onone";
			};
			name = Debug;
		};
		811728A22C1136050030B6C8 /* Release */ = {
			isa = XCBuildConfiguration;
			buildSettings = {
				ALWAYS_SEARCH_USER_PATHS = NO;
				ASSETCATALOG_COMPILER_GENERATE_SWIFT_ASSET_SYMBOL_EXTENSIONS = YES;
				CLANG_ANALYZER_NONNULL = YES;
				CLANG_ANALYZER_NUMBER_OBJECT_CONVERSION = YES_AGGRESSIVE;
				CLANG_CXX_LANGUAGE_STANDARD = "gnu++20";
				CLANG_ENABLE_MODULES = YES;
				CLANG_ENABLE_OBJC_ARC = YES;
				CLANG_ENABLE_OBJC_WEAK = YES;
				CLANG_WARN_BLOCK_CAPTURE_AUTORELEASING = YES;
				CLANG_WARN_BOOL_CONVERSION = YES;
				CLANG_WARN_COMMA = YES;
				CLANG_WARN_CONSTANT_CONVERSION = YES;
				CLANG_WARN_DEPRECATED_OBJC_IMPLEMENTATIONS = YES;
				CLANG_WARN_DIRECT_OBJC_ISA_USAGE = YES_ERROR;
				CLANG_WARN_DOCUMENTATION_COMMENTS = YES;
				CLANG_WARN_EMPTY_BODY = YES;
				CLANG_WARN_ENUM_CONVERSION = YES;
				CLANG_WARN_INFINITE_RECURSION = YES;
				CLANG_WARN_INT_CONVERSION = YES;
				CLANG_WARN_NON_LITERAL_NULL_CONVERSION = YES;
				CLANG_WARN_OBJC_IMPLICIT_RETAIN_SELF = YES;
				CLANG_WARN_OBJC_LITERAL_CONVERSION = YES;
				CLANG_WARN_OBJC_ROOT_CLASS = YES_ERROR;
				CLANG_WARN_QUOTED_INCLUDE_IN_FRAMEWORK_HEADER = YES;
				CLANG_WARN_RANGE_LOOP_ANALYSIS = YES;
				CLANG_WARN_STRICT_PROTOTYPES = YES;
				CLANG_WARN_SUSPICIOUS_MOVE = YES;
				CLANG_WARN_UNGUARDED_AVAILABILITY = YES_AGGRESSIVE;
				CLANG_WARN_UNREACHABLE_CODE = YES;
				CLANG_WARN__DUPLICATE_METHOD_MATCH = YES;
				COPY_PHASE_STRIP = NO;
				DEBUG_INFORMATION_FORMAT = "dwarf-with-dsym";
				ENABLE_NS_ASSERTIONS = NO;
				ENABLE_STRICT_OBJC_MSGSEND = YES;
				ENABLE_USER_SCRIPT_SANDBOXING = YES;
				GCC_C_LANGUAGE_STANDARD = gnu17;
				GCC_NO_COMMON_BLOCKS = YES;
				GCC_WARN_64_TO_32_BIT_CONVERSION = YES;
				GCC_WARN_ABOUT_RETURN_TYPE = YES_ERROR;
				GCC_WARN_UNDECLARED_SELECTOR = YES;
				GCC_WARN_UNINITIALIZED_AUTOS = YES_AGGRESSIVE;
				GCC_WARN_UNUSED_FUNCTION = YES;
				GCC_WARN_UNUSED_VARIABLE = YES;
				IPHONEOS_DEPLOYMENT_TARGET = 17.5;
				LOCALIZATION_PREFERS_STRING_CATALOGS = YES;
				MTL_ENABLE_DEBUG_INFO = NO;
				MTL_FAST_MATH = YES;
				SDKROOT = iphoneos;
				SWIFT_COMPILATION_MODE = wholemodule;
				VALIDATE_PRODUCT = YES;
			};
			name = Release;
		};
		811728A42C1136050030B6C8 /* Debug */ = {
			isa = XCBuildConfiguration;
			buildSettings = {
				ASSETCATALOG_COMPILER_APPICON_NAME = AppIcon;
				ASSETCATALOG_COMPILER_GLOBAL_ACCENT_COLOR_NAME = AccentColor;
				CODE_SIGN_STYLE = Automatic;
				CURRENT_PROJECT_VERSION = 1;
				DEVELOPMENT_ASSET_PATHS = "\"ReadWell/Preview Content\"";
				DEVELOPMENT_TEAM = U2ZN2W2UQJ;
				ENABLE_PREVIEWS = YES;
				GENERATE_INFOPLIST_FILE = YES;
				INFOPLIST_KEY_UIApplicationSceneManifest_Generation = YES;
				INFOPLIST_KEY_UIApplicationSupportsIndirectInputEvents = YES;
				INFOPLIST_KEY_UILaunchScreen_Generation = YES;
				INFOPLIST_KEY_UISupportedInterfaceOrientations_iPad = "UIInterfaceOrientationPortrait UIInterfaceOrientationPortraitUpsideDown UIInterfaceOrientationLandscapeLeft UIInterfaceOrientationLandscapeRight";
				INFOPLIST_KEY_UISupportedInterfaceOrientations_iPhone = "UIInterfaceOrientationPortrait UIInterfaceOrientationLandscapeLeft UIInterfaceOrientationLandscapeRight";
				LD_RUNPATH_SEARCH_PATHS = (
					"$(inherited)",
					"@executable_path/Frameworks",
				);
				MARKETING_VERSION = 1.0;
				PRODUCT_BUNDLE_IDENTIFIER = ca.russellgordon.ReadWell;
				PRODUCT_NAME = "$(TARGET_NAME)";
				SWIFT_EMIT_LOC_STRINGS = YES;
				SWIFT_VERSION = 5.0;
				TARGETED_DEVICE_FAMILY = "1,2";
			};
			name = Debug;
		};
		811728A52C1136050030B6C8 /* Release */ = {
			isa = XCBuildConfiguration;
			buildSettings = {
				ASSETCATALOG_COMPILER_APPICON_NAME = AppIcon;
				ASSETCATALOG_COMPILER_GLOBAL_ACCENT_COLOR_NAME = AccentColor;
				CODE_SIGN_STYLE = Automatic;
				CURRENT_PROJECT_VERSION = 1;
				DEVELOPMENT_ASSET_PATHS = "\"ReadWell/Preview Content\"";
				DEVELOPMENT_TEAM = U2ZN2W2UQJ;
				ENABLE_PREVIEWS = YES;
				GENERATE_INFOPLIST_FILE = YES;
				INFOPLIST_KEY_UIApplicationSceneManifest_Generation = YES;
				INFOPLIST_KEY_UIApplicationSupportsIndirectInputEvents = YES;
				INFOPLIST_KEY_UILaunchScreen_Generation = YES;
				INFOPLIST_KEY_UISupportedInterfaceOrientations_iPad = "UIInterfaceOrientationPortrait UIInterfaceOrientationPortraitUpsideDown UIInterfaceOrientationLandscapeLeft UIInterfaceOrientationLandscapeRight";
				INFOPLIST_KEY_UISupportedInterfaceOrientations_iPhone = "UIInterfaceOrientationPortrait UIInterfaceOrientationLandscapeLeft UIInterfaceOrientationLandscapeRight";
				LD_RUNPATH_SEARCH_PATHS = (
					"$(inherited)",
					"@executable_path/Frameworks",
				);
				MARKETING_VERSION = 1.0;
				PRODUCT_BUNDLE_IDENTIFIER = ca.russellgordon.ReadWell;
				PRODUCT_NAME = "$(TARGET_NAME)";
				SWIFT_EMIT_LOC_STRINGS = YES;
				SWIFT_VERSION = 5.0;
				TARGETED_DEVICE_FAMILY = "1,2";
			};
			name = Release;
		};
/* End XCBuildConfiguration section */

/* Begin XCConfigurationList section */
		811728902C1136030030B6C8 /* Build configuration list for PBXProject "ReadWell" */ = {
			isa = XCConfigurationList;
			buildConfigurations = (
				811728A12C1136050030B6C8 /* Debug */,
				811728A22C1136050030B6C8 /* Release */,
			);
			defaultConfigurationIsVisible = 0;
			defaultConfigurationName = Release;
		};
		811728A32C1136050030B6C8 /* Build configuration list for PBXNativeTarget "ReadWell" */ = {
			isa = XCConfigurationList;
			buildConfigurations = (
				811728A42C1136050030B6C8 /* Debug */,
				811728A52C1136050030B6C8 /* Release */,
			);
			defaultConfigurationIsVisible = 0;
			defaultConfigurationName = Release;
		};
/* End XCConfigurationList section */

/* Begin XCRemoteSwiftPackageReference section */
		8117CB512C124409001C9C84 /* XCRemoteSwiftPackageReference "SwiftUI-Introspect" */ = {
			isa = XCRemoteSwiftPackageReference;
			repositoryURL = "https://github.com/siteline/SwiftUI-Introspect.git";
			requirement = {
				kind = upToNextMajorVersion;
				minimumVersion = 1.1.4;
			};
		};
/* End XCRemoteSwiftPackageReference section */

/* Begin XCSwiftPackageProductDependency section */
		8117CB522C12440A001C9C84 /* SwiftUIIntrospect-Dynamic */ = {
			isa = XCSwiftPackageProductDependency;
			package = 8117CB512C124409001C9C84 /* XCRemoteSwiftPackageReference "SwiftUI-Introspect" */;
			productName = "SwiftUIIntrospect-Dynamic";
		};
/* End XCSwiftPackageProductDependency section */
	};
	rootObject = 8117288D2C1136030030B6C8 /* Project object */;
}
